
Microsoft Visual Studio Solution File, Format Version 12.00
# Visual Studio Version 16
VisualStudioVersion = 16.0.31515.178
MinimumVisualStudioVersion = 10.0.40219.1
Project("{FAE04EC0-301F-11D3-BF4B-00C04F79EFBC}") = "CSharpProject", "CSharpProject\CSharpProject.csproj", "{3F23C999-DE44-4190-89AF-ABC73A570F25}"
EndProject
Global
	GlobalSection(SolutionConfigurationPlatforms) = preSolution
		Debug|Any CPU = Debug|Any CPU
		Release|Any CPU = Release|Any CPU
	EndGlobalSection
	GlobalSection(ProjectConfigurationPlatforms) = postSolution
		{3F23C999-DE44-4190-89AF-ABC73A570F25}.Debug|Any CPU.ActiveCfg = Debug|Any CPU
		{3F23C999-DE44-4190-89AF-ABC73A570F25}.Debug|Any CPU.Build.0 = Debug|Any CPU
		{3F23C999-DE44-4190-89AF-ABC73A570F25}.Release|Any CPU.ActiveCfg = Release|Any CPU
		{3F23C999-DE44-4190-89AF-ABC73A570F25}.Release|Any CPU.Build.0 = Release|Any CPU
	EndGlobalSection
	GlobalSection(SolutionProperties) = preSolution
		HideSolutionNode = FALSE
	EndGlobalSection
	GlobalSection(ExtensibilityGlobals) = postSolution
		SolutionGuid = {78C77AC2-BC5B-4EBC-BD7F-93433FDC7752}
	EndGlobalSection
EndGlobal
